
Microsoft Visual Studio Solution File, Format Version 12.00
# Visual Studio Version 17
VisualStudioVersion = 17.11.35312.102
MinimumVisualStudioVersion = 10.0.40219.1
Project("{FAE04EC0-301F-11D3-BF4B-00C04F79EFBC}") = "TestPrimoQuadrimestre", "TestPrimoQuadrimestre\TestPrimoQuadrimestre.csproj", "{93619825-1E8D-42BE-8297-71E483D4F6DF}"
EndProject
Global
	GlobalSection(SolutionConfigurationPlatforms) = preSolution
		Debug|Any CPU = Debug|Any CPU
		Release|Any CPU = Release|Any CPU
	EndGlobalSection
	GlobalSection(ProjectConfigurationPlatforms) = postSolution
		{93619825-1E8D-42BE-8297-71E483D4F6DF}.Debug|Any CPU.ActiveCfg = Debug|Any CPU
		{93619825-1E8D-42BE-8297-71E483D4F6DF}.Debug|Any CPU.Build.0 = Debug|Any CPU
		{93619825-1E8D-42BE-8297-71E483D4F6DF}.Release|Any CPU.ActiveCfg = Release|Any CPU
		{93619825-1E8D-42BE-8297-71E483D4F6DF}.Release|Any CPU.Build.0 = Release|Any CPU
	EndGlobalSection
	GlobalSection(SolutionProperties) = preSolution
		HideSolutionNode = FALSE
	EndGlobalSection
	GlobalSection(ExtensibilityGlobals) = postSolution
		SolutionGuid = {E524BF40-A2D4-423B-939C-89EF13AE4E5B}
	EndGlobalSection
EndGlobal
